
Microsoft Visual Studio Solution File, Format Version 12.00
# Visual Studio Version 17
VisualStudioVersion = 17.1.32228.430
MinimumVisualStudioVersion = 10.0.40219.1
Project("{FAE04EC0-301F-11D3-BF4B-00C04F79EFBC}") = "HortumBank", "HortumBank\HortumBank.csproj", "{F973BA36-D183-4F4A-B67C-12887A187910}"
EndProject
Global
	GlobalSection(SolutionConfigurationPlatforms) = preSolution
		Debug|Any CPU = Debug|Any CPU
		Release|Any CPU = Release|Any CPU
	EndGlobalSection
	GlobalSection(ProjectConfigurationPlatforms) = postSolution
		{F973BA36-D183-4F4A-B67C-12887A187910}.Debug|Any CPU.ActiveCfg = Debug|Any CPU
		{F973BA36-D183-4F4A-B67C-12887A187910}.Debug|Any CPU.Build.0 = Debug|Any CPU
		{F973BA36-D183-4F4A-B67C-12887A187910}.Release|Any CPU.ActiveCfg = Release|Any CPU
		{F973BA36-D183-4F4A-B67C-12887A187910}.Release|Any CPU.Build.0 = Release|Any CPU
	EndGlobalSection
	GlobalSection(SolutionProperties) = preSolution
		HideSolutionNode = FALSE
	EndGlobalSection
	GlobalSection(ExtensibilityGlobals) = postSolution
		SolutionGuid = {4CFAFF16-4380-433E-8F9B-1AF0A45CA8E4}
	EndGlobalSection
EndGlobal
